
Microsoft Visual Studio Solution File, Format Version 12.00
# Visual Studio Version 17
VisualStudioVersion = 17.6.33829.357
MinimumVisualStudioVersion = 10.0.40219.1
Project("{2150E333-8FDC-42A3-9474-1A3956D46DE8}") = "Solution Items", "Solution Items", "{2C119CE1-76DB-406D-9DEB-E5380B18EF61}"
	ProjectSection(SolutionItems) = preProject
		TODO = TODO
	EndProjectSection
EndProject
Project("{9A19103F-16F7-4668-BE54-9A1E7A4F7556}") = "CableAnalyserConnector", "Connector\CableAnalyserConnector.csproj", "{7F91A391-9688-4C64-80D8-EB294A28DEF9}"
EndProject
Project("{9A19103F-16F7-4668-BE54-9A1E7A4F7556}") = "CableAnalyser", "Analyser\CableAnalyser.csproj", "{9D92DCD6-8E92-43B4-B4D0-DCC21074C2A1}"
EndProject
Project("{FAE04EC0-301F-11D3-BF4B-00C04F79EFBC}") = "CableAnalyserGUI", "GUI\CableAnalyserGUI.csproj", "{43515A27-D66B-415D-8DBF-AC328389B561}"
EndProject
Project("{FAE04EC0-301F-11D3-BF4B-00C04F79EFBC}") = "CableAnalyserTests", "Tests\CableAnalyserTests.csproj", "{2BE83ACF-7333-4314-9121-51409223D92E}"
EndProject
Global
	GlobalSection(SolutionConfigurationPlatforms) = preSolution
		Debug|Any CPU = Debug|Any CPU
		Release|Any CPU = Release|Any CPU
	EndGlobalSection
	GlobalSection(ProjectConfigurationPlatforms) = postSolution
		{7F91A391-9688-4C64-80D8-EB294A28DEF9}.Debug|Any CPU.ActiveCfg = Debug|Any CPU
		{7F91A391-9688-4C64-80D8-EB294A28DEF9}.Debug|Any CPU.Build.0 = Debug|Any CPU
		{7F91A391-9688-4C64-80D8-EB294A28DEF9}.Release|Any CPU.ActiveCfg = Release|Any CPU
		{7F91A391-9688-4C64-80D8-EB294A28DEF9}.Release|Any CPU.Build.0 = Release|Any CPU
		{9D92DCD6-8E92-43B4-B4D0-DCC21074C2A1}.Debug|Any CPU.ActiveCfg = Debug|Any CPU
		{9D92DCD6-8E92-43B4-B4D0-DCC21074C2A1}.Debug|Any CPU.Build.0 = Debug|Any CPU
		{9D92DCD6-8E92-43B4-B4D0-DCC21074C2A1}.Release|Any CPU.ActiveCfg = Release|Any CPU
		{9D92DCD6-8E92-43B4-B4D0-DCC21074C2A1}.Release|Any CPU.Build.0 = Release|Any CPU
		{43515A27-D66B-415D-8DBF-AC328389B561}.Debug|Any CPU.ActiveCfg = Debug|Any CPU
		{43515A27-D66B-415D-8DBF-AC328389B561}.Debug|Any CPU.Build.0 = Debug|Any CPU
		{43515A27-D66B-415D-8DBF-AC328389B561}.Release|Any CPU.ActiveCfg = Release|Any CPU
		{43515A27-D66B-415D-8DBF-AC328389B561}.Release|Any CPU.Build.0 = Release|Any CPU
		{2BE83ACF-7333-4314-9121-51409223D92E}.Debug|Any CPU.ActiveCfg = Debug|Any CPU
		{2BE83ACF-7333-4314-9121-51409223D92E}.Debug|Any CPU.Build.0 = Debug|Any CPU
		{2BE83ACF-7333-4314-9121-51409223D92E}.Release|Any CPU.ActiveCfg = Release|Any CPU
		{2BE83ACF-7333-4314-9121-51409223D92E}.Release|Any CPU.Build.0 = Release|Any CPU
	EndGlobalSection
	GlobalSection(SolutionProperties) = preSolution
		HideSolutionNode = FALSE
	EndGlobalSection
	GlobalSection(ExtensibilityGlobals) = postSolution
		SolutionGuid = {320A05BE-83C6-4AD2-9E31-2EFDA845EB4A}
	EndGlobalSection
EndGlobal
