
Microsoft Visual Studio Solution File, Format Version 12.00
# Visual Studio Version 17
VisualStudioVersion = 17.6.33829.357
MinimumVisualStudioVersion = 10.0.40219.1
Project("{9A19103F-16F7-4668-BE54-9A1E7A4F7556}") = "CableAnalyser.Connector", "ArduinoConnector\CableAnalyser.Connector.csproj", "{922DD197-7588-4DFE-8964-6DD326AFF5B4}"
EndProject
Project("{9A19103F-16F7-4668-BE54-9A1E7A4F7556}") = "CableAnalyser.Analyser", "CableAnalyser\CableAnalyser.Analyser.csproj", "{E00A9661-121E-47A2-A7FB-C1B3527D4096}"
EndProject
Project("{FAE04EC0-301F-11D3-BF4B-00C04F79EFBC}") = "CableAnalyser.GUI", "CableAnalyserGUI\CableAnalyser.GUI.csproj", "{43515A27-D66B-415D-8DBF-AC328389B561}"
EndProject
Project("{FAE04EC0-301F-11D3-BF4B-00C04F79EFBC}") = "CableAnalyser.Tests", "CableAnalyserUnitTests\CableAnalyser.Tests.csproj", "{2BE83ACF-7333-4314-9121-51409223D92E}"
EndProject
Global
	GlobalSection(SolutionConfigurationPlatforms) = preSolution
		Debug|Any CPU = Debug|Any CPU
		Release|Any CPU = Release|Any CPU
	EndGlobalSection
	GlobalSection(ProjectConfigurationPlatforms) = postSolution
		{922DD197-7588-4DFE-8964-6DD326AFF5B4}.Debug|Any CPU.ActiveCfg = Debug|Any CPU
		{922DD197-7588-4DFE-8964-6DD326AFF5B4}.Debug|Any CPU.Build.0 = Debug|Any CPU
		{922DD197-7588-4DFE-8964-6DD326AFF5B4}.Release|Any CPU.ActiveCfg = Release|Any CPU
		{922DD197-7588-4DFE-8964-6DD326AFF5B4}.Release|Any CPU.Build.0 = Release|Any CPU
		{E00A9661-121E-47A2-A7FB-C1B3527D4096}.Debug|Any CPU.ActiveCfg = Debug|Any CPU
		{E00A9661-121E-47A2-A7FB-C1B3527D4096}.Debug|Any CPU.Build.0 = Debug|Any CPU
		{E00A9661-121E-47A2-A7FB-C1B3527D4096}.Release|Any CPU.ActiveCfg = Release|Any CPU
		{E00A9661-121E-47A2-A7FB-C1B3527D4096}.Release|Any CPU.Build.0 = Release|Any CPU
		{43515A27-D66B-415D-8DBF-AC328389B561}.Debug|Any CPU.ActiveCfg = Debug|Any CPU
		{43515A27-D66B-415D-8DBF-AC328389B561}.Debug|Any CPU.Build.0 = Debug|Any CPU
		{43515A27-D66B-415D-8DBF-AC328389B561}.Release|Any CPU.ActiveCfg = Release|Any CPU
		{43515A27-D66B-415D-8DBF-AC328389B561}.Release|Any CPU.Build.0 = Release|Any CPU
		{2BE83ACF-7333-4314-9121-51409223D92E}.Debug|Any CPU.ActiveCfg = Debug|Any CPU
		{2BE83ACF-7333-4314-9121-51409223D92E}.Debug|Any CPU.Build.0 = Debug|Any CPU
		{2BE83ACF-7333-4314-9121-51409223D92E}.Release|Any CPU.ActiveCfg = Release|Any CPU
		{2BE83ACF-7333-4314-9121-51409223D92E}.Release|Any CPU.Build.0 = Release|Any CPU
	EndGlobalSection
	GlobalSection(SolutionProperties) = preSolution
		HideSolutionNode = FALSE
	EndGlobalSection
	GlobalSection(ExtensibilityGlobals) = postSolution
		SolutionGuid = {320A05BE-83C6-4AD2-9E31-2EFDA845EB4A}
	EndGlobalSection
EndGlobal
